
Microsoft Visual Studio Solution File, Format Version 12.00
# Visual Studio 15
VisualStudioVersion = 15.0.27703.2042
MinimumVisualStudioVersion = 10.0.40219.1
Project("{FAE04EC0-301F-11D3-BF4B-00C04F79EFBC}") = "Array4", "Array4\Array4.csproj", "{D78E9B8A-75AD-420F-A641-09C15090ACAE}"
EndProject
Global
	GlobalSection(SolutionConfigurationPlatforms) = preSolution
		Debug|Any CPU = Debug|Any CPU
		Release|Any CPU = Release|Any CPU
	EndGlobalSection
	GlobalSection(ProjectConfigurationPlatforms) = postSolution
		{D78E9B8A-75AD-420F-A641-09C15090ACAE}.Debug|Any CPU.ActiveCfg = Debug|Any CPU
		{D78E9B8A-75AD-420F-A641-09C15090ACAE}.Debug|Any CPU.Build.0 = Debug|Any CPU
		{D78E9B8A-75AD-420F-A641-09C15090ACAE}.Release|Any CPU.ActiveCfg = Release|Any CPU
		{D78E9B8A-75AD-420F-A641-09C15090ACAE}.Release|Any CPU.Build.0 = Release|Any CPU
	EndGlobalSection
	GlobalSection(SolutionProperties) = preSolution
		HideSolutionNode = FALSE
	EndGlobalSection
	GlobalSection(ExtensibilityGlobals) = postSolution
		SolutionGuid = {72934B9F-A97D-42DF-987A-A082C71B8A15}
	EndGlobalSection
EndGlobal
